
Microsoft Visual Studio Solution File, Format Version 12.00
# Visual Studio Version 16
VisualStudioVersion = 16.0.29306.81
MinimumVisualStudioVersion = 10.0.40219.1
Project("{FAE04EC0-301F-11D3-BF4B-00C04F79EFBC}") = "QuickCrop", "QuickCrop\QuickCrop.csproj", "{CEE1D4C3-3050-4B28-887D-AE9A8ED0BB05}"
EndProject
Global
	GlobalSection(SolutionConfigurationPlatforms) = preSolution
		Debug|Any CPU = Debug|Any CPU
		Release|Any CPU = Release|Any CPU
	EndGlobalSection
	GlobalSection(ProjectConfigurationPlatforms) = postSolution
		{CEE1D4C3-3050-4B28-887D-AE9A8ED0BB05}.Debug|Any CPU.ActiveCfg = Debug|Any CPU
		{CEE1D4C3-3050-4B28-887D-AE9A8ED0BB05}.Debug|Any CPU.Build.0 = Debug|Any CPU
		{CEE1D4C3-3050-4B28-887D-AE9A8ED0BB05}.Release|Any CPU.ActiveCfg = Release|Any CPU
		{CEE1D4C3-3050-4B28-887D-AE9A8ED0BB05}.Release|Any CPU.Build.0 = Release|Any CPU
	EndGlobalSection
	GlobalSection(SolutionProperties) = preSolution
		HideSolutionNode = FALSE
	EndGlobalSection
	GlobalSection(ExtensibilityGlobals) = postSolution
		SolutionGuid = {04880D15-C301-47B1-97C0-2ADB7B647F0D}
	EndGlobalSection
EndGlobal
